
Microsoft Visual Studio Solution File, Format Version 12.00
# Visual Studio Version 17
VisualStudioVersion = 17.2.32630.192
MinimumVisualStudioVersion = 10.0.40219.1
Project("{9A19103F-16F7-4668-BE54-9A1E7A4F7556}") = "OrderToFood", "OrderToFood.csproj", "{385BD198-4310-4ECC-872F-C8C4A90774EB}"
EndProject
Project("{9A19103F-16F7-4668-BE54-9A1E7A4F7556}") = "Resturant.Core", "..\Resturant.Core\Resturant.Core.csproj", "{840BF2DB-4B1D-48C8-A390-94FD283115F0}"
EndProject
Project("{9A19103F-16F7-4668-BE54-9A1E7A4F7556}") = "Resturant.Data", "..\Resturant.Data\Resturant.Data.csproj", "{6D4697FF-8548-4DB5-8A2A-88A7B1E9ABAF}"
EndProject
Global
	GlobalSection(SolutionConfigurationPlatforms) = preSolution
		Debug|Any CPU = Debug|Any CPU
		Release|Any CPU = Release|Any CPU
	EndGlobalSection
	GlobalSection(ProjectConfigurationPlatforms) = postSolution
		{385BD198-4310-4ECC-872F-C8C4A90774EB}.Debug|Any CPU.ActiveCfg = Debug|Any CPU
		{385BD198-4310-4ECC-872F-C8C4A90774EB}.Debug|Any CPU.Build.0 = Debug|Any CPU
		{385BD198-4310-4ECC-872F-C8C4A90774EB}.Release|Any CPU.ActiveCfg = Release|Any CPU
		{385BD198-4310-4ECC-872F-C8C4A90774EB}.Release|Any CPU.Build.0 = Release|Any CPU
		{840BF2DB-4B1D-48C8-A390-94FD283115F0}.Debug|Any CPU.ActiveCfg = Debug|Any CPU
		{840BF2DB-4B1D-48C8-A390-94FD283115F0}.Debug|Any CPU.Build.0 = Debug|Any CPU
		{840BF2DB-4B1D-48C8-A390-94FD283115F0}.Release|Any CPU.ActiveCfg = Release|Any CPU
		{840BF2DB-4B1D-48C8-A390-94FD283115F0}.Release|Any CPU.Build.0 = Release|Any CPU
		{6D4697FF-8548-4DB5-8A2A-88A7B1E9ABAF}.Debug|Any CPU.ActiveCfg = Debug|Any CPU
		{6D4697FF-8548-4DB5-8A2A-88A7B1E9ABAF}.Debug|Any CPU.Build.0 = Debug|Any CPU
		{6D4697FF-8548-4DB5-8A2A-88A7B1E9ABAF}.Release|Any CPU.ActiveCfg = Release|Any CPU
		{6D4697FF-8548-4DB5-8A2A-88A7B1E9ABAF}.Release|Any CPU.Build.0 = Release|Any CPU
	EndGlobalSection
	GlobalSection(SolutionProperties) = preSolution
		HideSolutionNode = FALSE
	EndGlobalSection
	GlobalSection(ExtensibilityGlobals) = postSolution
		SolutionGuid = {697F53D7-CDD5-4A30-A39B-7E78021CF4EF}
	EndGlobalSection
EndGlobal
